{
    "_readme": [
        "This file locks the dependencies of your project to a known state",
        "Read more about it at http://getcomposer.org/doc/01-basic-usage.md#composer-lock-the-lock-file"
    ],
    "hash": "77afbdaf2036e42c1a0cb95464f3ffed",
    "packages": [
        {
            "name": "twitter/bootstrap",
            "version": "dev-master",
            "source": {
                "type": "git",
                "url": "https://github.com/twbs/bootstrap.git",
                "reference": "eed53d781188914c8328fb0ab77b700c3462fdbf"
            },
            "dist": {
                "type": "zip",
                "url": "https://api.github.com/repos/twbs/bootstrap/zipball/eed53d781188914c8328fb0ab77b700c3462fdbf",
                "reference": "eed53d781188914c8328fb0ab77b700c3462fdbf",
                "shasum": ""
            },
            "type": "library",
            "notification-url": "https://packagist.org/downloads/",
            "license": [
                "Apache-2.0"
            ],
            "authors": [
                {
                    "name": "Jacob Thornton",
                    "email": "jacobthornton@gmail.com"
                },
                {
                    "name": "Mark Otto",
                    "email": "markdotto@gmail.com"
                }
            ],
            "description": "Sleek, intuitive, and powerful mobile first front-end framework for faster and easier web development.",
            "homepage": "http://getbootstrap.com",
            "keywords": [
                "bootstrap",
                "css"
            ],
            "time": "2013-10-21 08:53:41"
        },
        {
            "name": "uvicate/webapp",
            "version": "dev-master",
            "source": {
                "type": "git",
                "url": "https://github.com/uvicate/WebApp.git",
                "reference": "8f00b102595eb8f420197643a6ba71dc8aec090d"
            },
            "dist": {
                "type": "zip",
                "url": "https://api.github.com/repos/uvicate/WebApp/zipball/8f00b102595eb8f420197643a6ba71dc8aec090d",
                "reference": "8f00b102595eb8f420197643a6ba71dc8aec090d",
                "shasum": ""
            },
            "type": "library",
            "notification-url": "https://packagist.org/downloads/",
            "license": [
                "MIT"
            ],
            "authors": [
                {
                    "name": "Victor Quiroz",
                    "email": "victorhqc@gmail.com",
                    "homepage": "http://victorhqc.com",
                    "role": "Developer"
                }
            ],
            "description": "Creating and manage Ajax-Translatable Applications",
            "homepage": "https://github.com/uvicate/WebApp",
            "keywords": [
                "ajax",
                "translate",
                "webapp"
            ],
            "time": "2013-09-29 20:17:41"
        }
    ],
    "packages-dev": [

    ],
    "aliases": [

    ],
    "minimum-stability": "stable",
    "stability-flags": {
        "uvicate/webapp": 20,
        "twitter/bootstrap": 20
    },
    "platform": [

    ],
    "platform-dev": [

    ]
}
